lockfileVersion: '9.0'

settings:
  autoInstallPeers: true
  excludeLinksFromLockfile: false

catalogs:
  default:
    react:
      specifier: ^19.1.0
      version: 19.1.0
    redux:
      specifier: ^5.0.1
      version: 5.0.1

importers:

  .: {}

  packages/app:
    dependencies:
      react:
        specifier: 'catalog:'
        version: 19.1.0
      redux:
        specifier: 'catalog:'
        version: 5.0.1

packages:

  react@19.1.0:
    resolution: {integrity: sha512-FS+XFBNvn3GTAWq26joslQgWNoFu08F4kl0J4CgdNKADkdSGXQyTCnKteIAJy96Br6YbpEU1LSzV5dYtjMkMDg==}
    engines: {node: '>=0.10.0'}

  redux@5.0.1:
    resolution: {integrity: sha512-M9/ELqF6fy8FwmkpnF0S3YKOqMyoWJ4+CS5Efg2ct3oY9daQvd/Pc71FpGZsVsbl3Cpb+IIcjBDUnnyBdQbq4w==}

snapshots:

  react@19.1.0: {}

  redux@5.0.1: {}
